# This file is autogenerated, do not edit; changes may be undone by the next 'dep ensure'.


[[projects]]
  digest = "1:1412725965f8a309ee520b0b9b4f511a55acbc3a2846b81ab2044ce042443de2"
  name = "github.com/confluentinc/confluent-kafka-go"
  packages = ["kafka/librdkafka"]
  pruneopts = ""
  revision = "bb5bb31194f8046f3c9f09fbf0a3aae460a02000"
  version = "v1.4.2"

[[projects]]
  digest = "1:d69d2ba23955582a64e367ff2b0808cdbd048458c178cea48f11ab8c40bd7aea"
  name = "github.com/gogo/protobuf"
  packages = ["proto"]
  pruneopts = ""
  revision = "5628607bb4c51c3157aacc3a50f0ab707582b805"
  version = "v1.3.1"

[[projects]]
  digest = "1:02c7a8570f619bdb5620e8f6a16407455c8e63433d8a9e829f618813dc7f89a5"
  name = "github.com/golang/protobuf"
  packages = [
    "proto",
    "ptypes",
    "ptypes/any",
    "ptypes/duration",
    "ptypes/timestamp",
  ]
  pruneopts = ""
  revision = "d04d7b157bb510b1e0c10132224b616ac0e26b17"
  version = "v1.4.2"

[[projects]]
  digest = "1:f3bbd8ea54cde834a67fc50f27cbdf35eb950225953fb304891be068ba82d163"
  name = "google.golang.org/protobuf"
  packages = [
    "encoding/prototext",
    "encoding/protowire",
    "internal/descfmt",
    "internal/descopts",
    "internal/detrand",
    "internal/encoding/defval",
    "internal/encoding/messageset",
    "internal/encoding/tag",
    "internal/encoding/text",
    "internal/errors",
    "internal/fieldnum",
    "internal/fieldsort",
    "internal/filedesc",
    "internal/filetype",
    "internal/flags",
    "internal/genname",
    "internal/impl",
    "internal/mapsort",
    "internal/pragma",
    "internal/set",
    "internal/strs",
    "internal/version",
    "proto",
    "reflect/protoreflect",
    "reflect/protoregistry",
    "runtime/protoiface",
    "runtime/protoimpl",
    "types/known/anypb",
    "types/known/durationpb",
    "types/known/timestamppb",
  ]
  pruneopts = ""
  revision = "d165be301fb1e13390ad453281ded24385fd8ebc"
  version = "v1.23.0"

[[projects]]
  digest = "1:1412725965f8a309ee520b0b9b4f511a55acbc3a2846b81ab2044ce042443de2"
  name = "gopkg.in/confluentinc/confluent-kafka-go.v1"
  packages = ["kafka"]
  pruneopts = ""
  revision = "bb5bb31194f8046f3c9f09fbf0a3aae460a02000"
  version = "v1.4.2"

[solve-meta]
  analyzer-name = "dep"
  analyzer-version = 1
  input-imports = [
    "github.com/gogo/protobuf/proto",
    "github.com/golang/protobuf/proto",
    "github.com/golang/protobuf/ptypes",
    "github.com/golang/protobuf/ptypes/timestamp",
    "gopkg.in/confluentinc/confluent-kafka-go.v1/kafka",
  ]
  solver-name = "gps-cdcl"
  solver-version = 1
